
Microsoft Visual Studio Solution File, Format Version 12.00
# Visual Studio Version 17
VisualStudioVersion = 17.1.32328.378
MinimumVisualStudioVersion = 10.0.40219.1
Project("{FAE04EC0-301F-11D3-BF4B-00C04F79EFBC}") = "API", "API\API.csproj", "{B67B2EB7-A653-4489-902A-522E6DC72EB4}"
EndProject
Project("{FAE04EC0-301F-11D3-BF4B-00C04F79EFBC}") = "Core", "Core\Core.csproj", "{1C72B362-267B-4527-9012-7A7431FBBA3B}"
EndProject
Project("{FAE04EC0-301F-11D3-BF4B-00C04F79EFBC}") = "Number", "..\..\Cartomatic\Cartomatic.Utils\Number\Number.csproj", "{398545D8-33CC-4B60-A7B5-91C77EAD25B1}"
EndProject
Project("{FAE04EC0-301F-11D3-BF4B-00C04F79EFBC}") = "Data", "..\..\Cartomatic\Cartomatic.Utils\Data\Data.csproj", "{EAA4225A-2D5B-4AFB-B861-3FEC188E7CE7}"
EndProject
Project("{2150E333-8FDC-42A3-9474-1A3956D46DE8}") = "Utils", "Utils", "{B244574F-7B35-4F29-AB65-85114D52E1BA}"
EndProject
Project("{FAE04EC0-301F-11D3-BF4B-00C04F79EFBC}") = "Crypto", "..\..\Cartomatic\Cartomatic.Utils\Crypto\Crypto.csproj", "{57EC8856-7620-461A-863B-4EB3E478E295}"
EndProject
Project("{FAE04EC0-301F-11D3-BF4B-00C04F79EFBC}") = "Web", "..\..\Cartomatic\Cartomatic.Utils\Web\Web.csproj", "{45666ACC-C047-4608-8213-F109504EE551}"
EndProject
Project("{FAE04EC0-301F-11D3-BF4B-00C04F79EFBC}") = "Cmd", "Cmd\Cmd.csproj", "{3CF0E045-5AB8-4ABF-B6BB-1FF07380C0D9}"
EndProject
Project("{FAE04EC0-301F-11D3-BF4B-00C04F79EFBC}") = "Cmd.Core", "Cmd.Core\Cmd.Core.csproj", "{83CE35A5-2042-4E3E-9737-6986E2EE0557}"
EndProject
Project("{FAE04EC0-301F-11D3-BF4B-00C04F79EFBC}") = "WebClientConfigurationHelper", "WebClientConfigurationHelper\WebClientConfigurationHelper.csproj", "{C7FA62AE-1911-41AD-9B1D-8AD9BBF976A4}"
EndProject
Project("{FAE04EC0-301F-11D3-BF4B-00C04F79EFBC}") = "API.Base", "API.Base\API.Base.csproj", "{DD78CFD1-28AB-4EA4-96C1-91BEFB6F7E24}"
EndProject
Project("{FAE04EC0-301F-11D3-BF4B-00C04F79EFBC}") = "CmdPrompt.Core", "..\..\Cartomatic\Cartomatic.CmdPrompt\CmdPrompt.Core.Old\CmdPrompt.Core.csproj", "{014923B2-0393-4E00-86E5-67F0AA222081}"
EndProject
Project("{FAE04EC0-301F-11D3-BF4B-00C04F79EFBC}") = "EF", "..\..\Cartomatic\Cartomatic.Utils\EF\EF.csproj", "{9E8E9125-ACB3-47F6-9A83-C52B5CFC99E8}"
EndProject
Project("{2150E333-8FDC-42A3-9474-1A3956D46DE8}") = "Identity", "Identity", "{3E850A96-E3DE-4DBA-94E5-161F9BDC87B5}"
EndProject
Project("{FAE04EC0-301F-11D3-BF4B-00C04F79EFBC}") = "MembershipReboot", "..\MapHive.Identity\MembershipReboot\MembershipReboot.csproj", "{6A019F7A-EB90-48E9-BA91-07DA7D40BDD4}"
EndProject
Project("{FAE04EC0-301F-11D3-BF4B-00C04F79EFBC}") = "Path", "..\..\Cartomatic\Cartomatic.Utils\Path.Old\Path.csproj", "{9346897A-EB29-462D-B46C-70804E1B9DC8}"
EndProject
Project("{FAE04EC0-301F-11D3-BF4B-00C04F79EFBC}") = "IdentityServer", "..\MapHive.Identity\IdentityServer\IdentityServer.csproj", "{1E6AF2AD-ABD0-4185-BAA1-52F312D8C69F}"
EndProject
Global
	GlobalSection(SolutionConfigurationPlatforms) = preSolution
		Debug|Any CPU = Debug|Any CPU
		Release|Any CPU = Release|Any CPU
	EndGlobalSection
	GlobalSection(ProjectConfigurationPlatforms) = postSolution
		{B67B2EB7-A653-4489-902A-522E6DC72EB4}.Debug|Any CPU.ActiveCfg = Debug|Any CPU
		{B67B2EB7-A653-4489-902A-522E6DC72EB4}.Debug|Any CPU.Build.0 = Debug|Any CPU
		{B67B2EB7-A653-4489-902A-522E6DC72EB4}.Release|Any CPU.ActiveCfg = Release|Any CPU
		{B67B2EB7-A653-4489-902A-522E6DC72EB4}.Release|Any CPU.Build.0 = Release|Any CPU
		{1C72B362-267B-4527-9012-7A7431FBBA3B}.Debug|Any CPU.ActiveCfg = Debug|Any CPU
		{1C72B362-267B-4527-9012-7A7431FBBA3B}.Debug|Any CPU.Build.0 = Debug|Any CPU
		{1C72B362-267B-4527-9012-7A7431FBBA3B}.Release|Any CPU.ActiveCfg = Release|Any CPU
		{1C72B362-267B-4527-9012-7A7431FBBA3B}.Release|Any CPU.Build.0 = Release|Any CPU
		{398545D8-33CC-4B60-A7B5-91C77EAD25B1}.Debug|Any CPU.ActiveCfg = Debug|Any CPU
		{398545D8-33CC-4B60-A7B5-91C77EAD25B1}.Debug|Any CPU.Build.0 = Debug|Any CPU
		{398545D8-33CC-4B60-A7B5-91C77EAD25B1}.Release|Any CPU.ActiveCfg = Release|Any CPU
		{398545D8-33CC-4B60-A7B5-91C77EAD25B1}.Release|Any CPU.Build.0 = Release|Any CPU
		{EAA4225A-2D5B-4AFB-B861-3FEC188E7CE7}.Debug|Any CPU.ActiveCfg = Debug|Any CPU
		{EAA4225A-2D5B-4AFB-B861-3FEC188E7CE7}.Debug|Any CPU.Build.0 = Debug|Any CPU
		{EAA4225A-2D5B-4AFB-B861-3FEC188E7CE7}.Release|Any CPU.ActiveCfg = Release|Any CPU
		{EAA4225A-2D5B-4AFB-B861-3FEC188E7CE7}.Release|Any CPU.Build.0 = Release|Any CPU
		{57EC8856-7620-461A-863B-4EB3E478E295}.Debug|Any CPU.ActiveCfg = Debug|Any CPU
		{57EC8856-7620-461A-863B-4EB3E478E295}.Debug|Any CPU.Build.0 = Debug|Any CPU
		{57EC8856-7620-461A-863B-4EB3E478E295}.Release|Any CPU.ActiveCfg = Release|Any CPU
		{57EC8856-7620-461A-863B-4EB3E478E295}.Release|Any CPU.Build.0 = Release|Any CPU
		{45666ACC-C047-4608-8213-F109504EE551}.Debug|Any CPU.ActiveCfg = Debug|Any CPU
		{45666ACC-C047-4608-8213-F109504EE551}.Debug|Any CPU.Build.0 = Debug|Any CPU
		{45666ACC-C047-4608-8213-F109504EE551}.Release|Any CPU.ActiveCfg = Release|Any CPU
		{45666ACC-C047-4608-8213-F109504EE551}.Release|Any CPU.Build.0 = Release|Any CPU
		{3CF0E045-5AB8-4ABF-B6BB-1FF07380C0D9}.Debug|Any CPU.ActiveCfg = Debug|Any CPU
		{3CF0E045-5AB8-4ABF-B6BB-1FF07380C0D9}.Debug|Any CPU.Build.0 = Debug|Any CPU
		{3CF0E045-5AB8-4ABF-B6BB-1FF07380C0D9}.Release|Any CPU.ActiveCfg = Release|Any CPU
		{3CF0E045-5AB8-4ABF-B6BB-1FF07380C0D9}.Release|Any CPU.Build.0 = Release|Any CPU
		{83CE35A5-2042-4E3E-9737-6986E2EE0557}.Debug|Any CPU.ActiveCfg = Debug|Any CPU
		{83CE35A5-2042-4E3E-9737-6986E2EE0557}.Debug|Any CPU.Build.0 = Debug|Any CPU
		{83CE35A5-2042-4E3E-9737-6986E2EE0557}.Release|Any CPU.ActiveCfg = Release|Any CPU
		{83CE35A5-2042-4E3E-9737-6986E2EE0557}.Release|Any CPU.Build.0 = Release|Any CPU
		{C7FA62AE-1911-41AD-9B1D-8AD9BBF976A4}.Debug|Any CPU.ActiveCfg = Debug|Any CPU
		{C7FA62AE-1911-41AD-9B1D-8AD9BBF976A4}.Debug|Any CPU.Build.0 = Debug|Any CPU
		{C7FA62AE-1911-41AD-9B1D-8AD9BBF976A4}.Release|Any CPU.ActiveCfg = Release|Any CPU
		{C7FA62AE-1911-41AD-9B1D-8AD9BBF976A4}.Release|Any CPU.Build.0 = Release|Any CPU
		{DD78CFD1-28AB-4EA4-96C1-91BEFB6F7E24}.Debug|Any CPU.ActiveCfg = Debug|Any CPU
		{DD78CFD1-28AB-4EA4-96C1-91BEFB6F7E24}.Debug|Any CPU.Build.0 = Debug|Any CPU
		{DD78CFD1-28AB-4EA4-96C1-91BEFB6F7E24}.Release|Any CPU.ActiveCfg = Release|Any CPU
		{DD78CFD1-28AB-4EA4-96C1-91BEFB6F7E24}.Release|Any CPU.Build.0 = Release|Any CPU
		{014923B2-0393-4E00-86E5-67F0AA222081}.Debug|Any CPU.ActiveCfg = Debug|Any CPU
		{014923B2-0393-4E00-86E5-67F0AA222081}.Debug|Any CPU.Build.0 = Debug|Any CPU
		{014923B2-0393-4E00-86E5-67F0AA222081}.Release|Any CPU.ActiveCfg = Release|Any CPU
		{014923B2-0393-4E00-86E5-67F0AA222081}.Release|Any CPU.Build.0 = Release|Any CPU
		{9E8E9125-ACB3-47F6-9A83-C52B5CFC99E8}.Debug|Any CPU.ActiveCfg = Debug|Any CPU
		{9E8E9125-ACB3-47F6-9A83-C52B5CFC99E8}.Debug|Any CPU.Build.0 = Debug|Any CPU
		{9E8E9125-ACB3-47F6-9A83-C52B5CFC99E8}.Release|Any CPU.ActiveCfg = Release|Any CPU
		{9E8E9125-ACB3-47F6-9A83-C52B5CFC99E8}.Release|Any CPU.Build.0 = Release|Any CPU
		{6A019F7A-EB90-48E9-BA91-07DA7D40BDD4}.Debug|Any CPU.ActiveCfg = Debug|Any CPU
		{6A019F7A-EB90-48E9-BA91-07DA7D40BDD4}.Debug|Any CPU.Build.0 = Debug|Any CPU
		{6A019F7A-EB90-48E9-BA91-07DA7D40BDD4}.Release|Any CPU.ActiveCfg = Release|Any CPU
		{6A019F7A-EB90-48E9-BA91-07DA7D40BDD4}.Release|Any CPU.Build.0 = Release|Any CPU
		{9346897A-EB29-462D-B46C-70804E1B9DC8}.Debug|Any CPU.ActiveCfg = Debug|Any CPU
		{9346897A-EB29-462D-B46C-70804E1B9DC8}.Debug|Any CPU.Build.0 = Debug|Any CPU
		{9346897A-EB29-462D-B46C-70804E1B9DC8}.Release|Any CPU.ActiveCfg = Release|Any CPU
		{9346897A-EB29-462D-B46C-70804E1B9DC8}.Release|Any CPU.Build.0 = Release|Any CPU
		{1E6AF2AD-ABD0-4185-BAA1-52F312D8C69F}.Debug|Any CPU.ActiveCfg = Debug|Any CPU
		{1E6AF2AD-ABD0-4185-BAA1-52F312D8C69F}.Debug|Any CPU.Build.0 = Debug|Any CPU
		{1E6AF2AD-ABD0-4185-BAA1-52F312D8C69F}.Release|Any CPU.ActiveCfg = Release|Any CPU
		{1E6AF2AD-ABD0-4185-BAA1-52F312D8C69F}.Release|Any CPU.Build.0 = Release|Any CPU
	EndGlobalSection
	GlobalSection(SolutionProperties) = preSolution
		HideSolutionNode = FALSE
	EndGlobalSection
	GlobalSection(NestedProjects) = preSolution
		{398545D8-33CC-4B60-A7B5-91C77EAD25B1} = {B244574F-7B35-4F29-AB65-85114D52E1BA}
		{EAA4225A-2D5B-4AFB-B861-3FEC188E7CE7} = {B244574F-7B35-4F29-AB65-85114D52E1BA}
		{57EC8856-7620-461A-863B-4EB3E478E295} = {B244574F-7B35-4F29-AB65-85114D52E1BA}
		{45666ACC-C047-4608-8213-F109504EE551} = {B244574F-7B35-4F29-AB65-85114D52E1BA}
		{014923B2-0393-4E00-86E5-67F0AA222081} = {B244574F-7B35-4F29-AB65-85114D52E1BA}
		{9E8E9125-ACB3-47F6-9A83-C52B5CFC99E8} = {B244574F-7B35-4F29-AB65-85114D52E1BA}
		{6A019F7A-EB90-48E9-BA91-07DA7D40BDD4} = {3E850A96-E3DE-4DBA-94E5-161F9BDC87B5}
		{9346897A-EB29-462D-B46C-70804E1B9DC8} = {B244574F-7B35-4F29-AB65-85114D52E1BA}
		{1E6AF2AD-ABD0-4185-BAA1-52F312D8C69F} = {3E850A96-E3DE-4DBA-94E5-161F9BDC87B5}
	EndGlobalSection
	GlobalSection(ExtensibilityGlobals) = postSolution
		SolutionGuid = {A9F72CB1-79F4-46A7-BF56-715D569E4784}
	EndGlobalSection
EndGlobal
