
Microsoft Visual Studio Solution File, Format Version 12.00
# Visual Studio 14
VisualStudioVersion = 14.0.24720.0
MinimumVisualStudioVersion = 10.0.40219.1
Project("{FAE04EC0-301F-11D3-BF4B-00C04F79EFBC}") = "API", "API\API.csproj", "{B67B2EB7-A653-4489-902A-522E6DC72EB4}"
EndProject
Global
	GlobalSection(SolutionConfigurationPlatforms) = preSolution
		Debug|Any CPU = Debug|Any CPU
		Release|Any CPU = Release|Any CPU
	EndGlobalSection
	GlobalSection(ProjectConfigurationPlatforms) = postSolution
		{B67B2EB7-A653-4489-902A-522E6DC72EB4}.Debug|Any CPU.ActiveCfg = Debug|Any CPU
		{B67B2EB7-A653-4489-902A-522E6DC72EB4}.Debug|Any CPU.Build.0 = Debug|Any CPU
		{B67B2EB7-A653-4489-902A-522E6DC72EB4}.Release|Any CPU.ActiveCfg = Release|Any CPU
		{B67B2EB7-A653-4489-902A-522E6DC72EB4}.Release|Any CPU.Build.0 = Release|Any CPU
	EndGlobalSection
	GlobalSection(SolutionProperties) = preSolution
		HideSolutionNode = FALSE
	EndGlobalSection
EndGlobal
