
Microsoft Visual Studio Solution File, Format Version 12.00
# Visual Studio Version 18
VisualStudioVersion = 18.9.12112.369
MinimumVisualStudioVersion = 10.0.40219.1
Project("{FAE04EC0-301F-11D3-BF4B-00C04F79EFBC}") = "API", "API\API.csproj", "{B67B2EB7-A653-4489-902A-522E6DC72EB4}"
EndProject
Project("{FAE04EC0-301F-11D3-BF4B-00C04F79EFBC}") = "Core", "Core\Core.csproj", "{1C72B362-267B-4527-9012-7A7431FBBA3B}"
EndProject
Project("{2150E333-8FDC-42A3-9474-1A3956D46DE8}") = "Utils", "Utils", "{B244574F-7B35-4F29-AB65-85114D52E1BA}"
EndProject
Project("{FAE04EC0-301F-11D3-BF4B-00C04F79EFBC}") = "Cmd", "Cmd\Cmd.csproj", "{3CF0E045-5AB8-4ABF-B6BB-1FF07380C0D9}"
EndProject
Project("{FAE04EC0-301F-11D3-BF4B-00C04F79EFBC}") = "Cmd.Core", "Cmd.Core\Cmd.Core.csproj", "{83CE35A5-2042-4E3E-9737-6986E2EE0557}"
EndProject
Project("{FAE04EC0-301F-11D3-BF4B-00C04F79EFBC}") = "WebClientConfigurationHelper", "WebClientConfigurationHelper\WebClientConfigurationHelper.csproj", "{C7FA62AE-1911-41AD-9B1D-8AD9BBF976A4}"
EndProject
Project("{FAE04EC0-301F-11D3-BF4B-00C04F79EFBC}") = "API.Base", "API.Base\API.Base.csproj", "{DD78CFD1-28AB-4EA4-96C1-91BEFB6F7E24}"
EndProject
Project("{FAE04EC0-301F-11D3-BF4B-00C04F79EFBC}") = "Cartomatic.CmdPrompt.Core", "..\..\cartomatic\Cartomatic.CmdPrompt\CmdPrompt.Core\Cartomatic.CmdPrompt.Core.csproj", "{90B8BEF6-AA64-D5F1-DC1F-440615D39494}"
EndProject
Project("{FAE04EC0-301F-11D3-BF4B-00C04F79EFBC}") = "Cartomatic.Utils", "..\..\cartomatic\Cartomatic.Utils\Cartomatic.Utils\Cartomatic.Utils.csproj", "{9E1669CD-4FAD-025D-190A-E3B56F0E5788}"
EndProject
Global
	GlobalSection(SolutionConfigurationPlatforms) = preSolution
		Debug|Any CPU = Debug|Any CPU
		Release|Any CPU = Release|Any CPU
	EndGlobalSection
	GlobalSection(ProjectConfigurationPlatforms) = postSolution
		{B67B2EB7-A653-4489-902A-522E6DC72EB4}.Debug|Any CPU.ActiveCfg = Debug|Any CPU
		{B67B2EB7-A653-4489-902A-522E6DC72EB4}.Debug|Any CPU.Build.0 = Debug|Any CPU
		{B67B2EB7-A653-4489-902A-522E6DC72EB4}.Release|Any CPU.ActiveCfg = Release|Any CPU
		{B67B2EB7-A653-4489-902A-522E6DC72EB4}.Release|Any CPU.Build.0 = Release|Any CPU
		{1C72B362-267B-4527-9012-7A7431FBBA3B}.Debug|Any CPU.ActiveCfg = Debug|Any CPU
		{1C72B362-267B-4527-9012-7A7431FBBA3B}.Debug|Any CPU.Build.0 = Debug|Any CPU
		{1C72B362-267B-4527-9012-7A7431FBBA3B}.Release|Any CPU.ActiveCfg = Release|Any CPU
		{1C72B362-267B-4527-9012-7A7431FBBA3B}.Release|Any CPU.Build.0 = Release|Any CPU
		{3CF0E045-5AB8-4ABF-B6BB-1FF07380C0D9}.Debug|Any CPU.ActiveCfg = Debug|Any CPU
		{3CF0E045-5AB8-4ABF-B6BB-1FF07380C0D9}.Debug|Any CPU.Build.0 = Debug|Any CPU
		{3CF0E045-5AB8-4ABF-B6BB-1FF07380C0D9}.Release|Any CPU.ActiveCfg = Release|Any CPU
		{3CF0E045-5AB8-4ABF-B6BB-1FF07380C0D9}.Release|Any CPU.Build.0 = Release|Any CPU
		{83CE35A5-2042-4E3E-9737-6986E2EE0557}.Debug|Any CPU.ActiveCfg = Debug|Any CPU
		{83CE35A5-2042-4E3E-9737-6986E2EE0557}.Debug|Any CPU.Build.0 = Debug|Any CPU
		{83CE35A5-2042-4E3E-9737-6986E2EE0557}.Release|Any CPU.ActiveCfg = Release|Any CPU
		{83CE35A5-2042-4E3E-9737-6986E2EE0557}.Release|Any CPU.Build.0 = Release|Any CPU
		{C7FA62AE-1911-41AD-9B1D-8AD9BBF976A4}.Debug|Any CPU.ActiveCfg = Debug|Any CPU
		{C7FA62AE-1911-41AD-9B1D-8AD9BBF976A4}.Debug|Any CPU.Build.0 = Debug|Any CPU
		{C7FA62AE-1911-41AD-9B1D-8AD9BBF976A4}.Release|Any CPU.ActiveCfg = Release|Any CPU
		{C7FA62AE-1911-41AD-9B1D-8AD9BBF976A4}.Release|Any CPU.Build.0 = Release|Any CPU
		{DD78CFD1-28AB-4EA4-96C1-91BEFB6F7E24}.Debug|Any CPU.ActiveCfg = Debug|Any CPU
		{DD78CFD1-28AB-4EA4-96C1-91BEFB6F7E24}.Debug|Any CPU.Build.0 = Debug|Any CPU
		{DD78CFD1-28AB-4EA4-96C1-91BEFB6F7E24}.Release|Any CPU.ActiveCfg = Release|Any CPU
		{DD78CFD1-28AB-4EA4-96C1-91BEFB6F7E24}.Release|Any CPU.Build.0 = Release|Any CPU
		{90B8BEF6-AA64-D5F1-DC1F-440615D39494}.Debug|Any CPU.ActiveCfg = Debug|Any CPU
		{90B8BEF6-AA64-D5F1-DC1F-440615D39494}.Debug|Any CPU.Build.0 = Debug|Any CPU
		{90B8BEF6-AA64-D5F1-DC1F-440615D39494}.Release|Any CPU.ActiveCfg = Release|Any CPU
		{90B8BEF6-AA64-D5F1-DC1F-440615D39494}.Release|Any CPU.Build.0 = Release|Any CPU
		{9E1669CD-4FAD-025D-190A-E3B56F0E5788}.Debug|Any CPU.ActiveCfg = Debug|Any CPU
		{9E1669CD-4FAD-025D-190A-E3B56F0E5788}.Debug|Any CPU.Build.0 = Debug|Any CPU
		{9E1669CD-4FAD-025D-190A-E3B56F0E5788}.Release|Any CPU.ActiveCfg = Release|Any CPU
		{9E1669CD-4FAD-025D-190A-E3B56F0E5788}.Release|Any CPU.Build.0 = Release|Any CPU
	EndGlobalSection
	GlobalSection(SolutionProperties) = preSolution
		HideSolutionNode = FALSE
	EndGlobalSection
	GlobalSection(NestedProjects) = preSolution
		{90B8BEF6-AA64-D5F1-DC1F-440615D39494} = {B244574F-7B35-4F29-AB65-85114D52E1BA}
		{9E1669CD-4FAD-025D-190A-E3B56F0E5788} = {B244574F-7B35-4F29-AB65-85114D52E1BA}
	EndGlobalSection
	GlobalSection(ExtensibilityGlobals) = postSolution
		SolutionGuid = {A9F72CB1-79F4-46A7-BF56-715D569E4784}
	EndGlobalSection
EndGlobal
